
Microsoft Visual Studio Solution File, Format Version 12.00
# Visual Studio Version 17
VisualStudioVersion = 17.8.34511.84
MinimumVisualStudioVersion = 10.0.40219.1
Project("{2150E333-8FDC-42A3-9474-1A3956D46DE8}") = "src", "src", "{9928FC9E-20EF-4B9B-BC83-77ABAF71B21D}"
EndProject
Project("{2150E333-8FDC-42A3-9474-1A3956D46DE8}") = "test", "test", "{8FC285B8-953B-48FB-86EC-0CDB071ABB25}"
EndProject
Project("{9A19103F-16F7-4668-BE54-9A1E7A4F7556}") = "VehicleFees.Domain", "VehicleFees.Domain\VehicleFees.Domain.csproj", "{305A31B5-41BF-4B93-B214-7F6261DC256F}"
EndProject
Project("{FAE04EC0-301F-11D3-BF4B-00C04F79EFBC}") = "VehicleFees.Application", "VehicleFees.Application\VehicleFees.Application.csproj", "{B870C713-9452-437B-9901-B3433D5241D3}"
EndProject
Project("{FAE04EC0-301F-11D3-BF4B-00C04F79EFBC}") = "VehicleFees.Infrastructure", "VehicleFees.Infrastructure\VehicleFees.Infrastructure.csproj", "{0462CC28-595E-4454-ACB9-D8AAD1AA46CF}"
EndProject
Project("{FAE04EC0-301F-11D3-BF4B-00C04F79EFBC}") = "VehicleFees.Presentation", "VehicleFees.Presentation\VehicleFees.Presentation.csproj", "{3F0286D4-4770-4B84-AFAC-D9A00D6FE516}"
EndProject
Project("{FAE04EC0-301F-11D3-BF4B-00C04F79EFBC}") = "VehicleFees.Tests", "VehicleFees.Tests\VehicleFees.Tests.csproj", "{C7395D15-B5BD-4DF9-9EAA-8C1BD68FF2EE}"
EndProject
Global
	GlobalSection(SolutionConfigurationPlatforms) = preSolution
		Debug|Any CPU = Debug|Any CPU
		Release|Any CPU = Release|Any CPU
	EndGlobalSection
	GlobalSection(ProjectConfigurationPlatforms) = postSolution
		{305A31B5-41BF-4B93-B214-7F6261DC256F}.Debug|Any CPU.ActiveCfg = Debug|Any CPU
		{305A31B5-41BF-4B93-B214-7F6261DC256F}.Debug|Any CPU.Build.0 = Debug|Any CPU
		{305A31B5-41BF-4B93-B214-7F6261DC256F}.Release|Any CPU.ActiveCfg = Release|Any CPU
		{305A31B5-41BF-4B93-B214-7F6261DC256F}.Release|Any CPU.Build.0 = Release|Any CPU
		{B870C713-9452-437B-9901-B3433D5241D3}.Debug|Any CPU.ActiveCfg = Debug|Any CPU
		{B870C713-9452-437B-9901-B3433D5241D3}.Debug|Any CPU.Build.0 = Debug|Any CPU
		{B870C713-9452-437B-9901-B3433D5241D3}.Release|Any CPU.ActiveCfg = Release|Any CPU
		{B870C713-9452-437B-9901-B3433D5241D3}.Release|Any CPU.Build.0 = Release|Any CPU
		{0462CC28-595E-4454-ACB9-D8AAD1AA46CF}.Debug|Any CPU.ActiveCfg = Debug|Any CPU
		{0462CC28-595E-4454-ACB9-D8AAD1AA46CF}.Debug|Any CPU.Build.0 = Debug|Any CPU
		{0462CC28-595E-4454-ACB9-D8AAD1AA46CF}.Release|Any CPU.ActiveCfg = Release|Any CPU
		{0462CC28-595E-4454-ACB9-D8AAD1AA46CF}.Release|Any CPU.Build.0 = Release|Any CPU
		{3F0286D4-4770-4B84-AFAC-D9A00D6FE516}.Debug|Any CPU.ActiveCfg = Debug|Any CPU
		{3F0286D4-4770-4B84-AFAC-D9A00D6FE516}.Debug|Any CPU.Build.0 = Debug|Any CPU
		{3F0286D4-4770-4B84-AFAC-D9A00D6FE516}.Release|Any CPU.ActiveCfg = Release|Any CPU
		{3F0286D4-4770-4B84-AFAC-D9A00D6FE516}.Release|Any CPU.Build.0 = Release|Any CPU
		{C7395D15-B5BD-4DF9-9EAA-8C1BD68FF2EE}.Debug|Any CPU.ActiveCfg = Debug|Any CPU
		{C7395D15-B5BD-4DF9-9EAA-8C1BD68FF2EE}.Debug|Any CPU.Build.0 = Debug|Any CPU
		{C7395D15-B5BD-4DF9-9EAA-8C1BD68FF2EE}.Release|Any CPU.ActiveCfg = Release|Any CPU
		{C7395D15-B5BD-4DF9-9EAA-8C1BD68FF2EE}.Release|Any CPU.Build.0 = Release|Any CPU
	EndGlobalSection
	GlobalSection(SolutionProperties) = preSolution
		HideSolutionNode = FALSE
	EndGlobalSection
	GlobalSection(NestedProjects) = preSolution
		{305A31B5-41BF-4B93-B214-7F6261DC256F} = {9928FC9E-20EF-4B9B-BC83-77ABAF71B21D}
		{B870C713-9452-437B-9901-B3433D5241D3} = {9928FC9E-20EF-4B9B-BC83-77ABAF71B21D}
		{0462CC28-595E-4454-ACB9-D8AAD1AA46CF} = {9928FC9E-20EF-4B9B-BC83-77ABAF71B21D}
		{3F0286D4-4770-4B84-AFAC-D9A00D6FE516} = {9928FC9E-20EF-4B9B-BC83-77ABAF71B21D}
		{C7395D15-B5BD-4DF9-9EAA-8C1BD68FF2EE} = {8FC285B8-953B-48FB-86EC-0CDB071ABB25}
	EndGlobalSection
	GlobalSection(ExtensibilityGlobals) = postSolution
		SolutionGuid = {A6DE48C0-B341-44B3-8F44-B22D4E4D2B25}
	EndGlobalSection
EndGlobal
